{
  "requires": true,
  "lockfileVersion": 1,
  "dependencies": {
    "rickmortyapi": {
      "version": "0.3.0",
      "resolved": "https://registry.npmjs.org/rickmortyapi/-/rickmortyapi-0.3.0.tgz",
      "integrity": "sha512-e+r8qxl3ri/SaY+PMTVS5/AG6hjgFENN8GW/R9yuEXF3jfjXRqsu8oHBaPSJ4KziEp+vbalA9WCvua0T4AE7eg=="
    }
  }
}
